// !$*UTF8*$!
{
	archiveVersion = 1;
	classes = {
	};
	objectVersion = 54;
	objects = {

/* Begin PBXBuildFile section */
		D177C991874A586A7247B3F0 /* Pods_findCVSTests.framework in Frameworks */ = {isa = PBXBuildFile; fileRef = DB6623FABDCB2104687A6952 /* Pods_findCVSTests.framework */; };
		DE15277E27CC737E002E45E1 /* DaumMap.framework in Frameworks */ = {isa = PBXBuildFile; fileRef = DE2ED3AD27CC71EC00782836 /* DaumMap.framework */; };
		DE1527AB27CC7441002E45E1 /* MTMapViewError.swift in Sources */ = {isa = PBXBuildFile; fileRef = DE1527A727CC7441002E45E1 /* MTMapViewError.swift */; };
		DE1527AC27CC7441002E45E1 /* DetailListCellData.swift in Sources */ = {isa = PBXBuildFile; fileRef = DE1527A827CC7441002E45E1 /* DetailListCellData.swift */; };
		DE1527AD27CC7441002E45E1 /* KLDocument.swift in Sources */ = {isa = PBXBuildFile; fileRef = DE1527A927CC7441002E45E1 /* KLDocument.swift */; };
		DE1527AE27CC7441002E45E1 /* LocationData.swift in Sources */ = {isa = PBXBuildFile; fileRef = DE1527AA27CC7441002E45E1 /* LocationData.swift */; };
		DE1527B027CC74EB002E45E1 /* LocationInfomation.swift in Sources */ = {isa = PBXBuildFile; fileRef = DE1527AF27CC74EB002E45E1 /* LocationInfomation.swift */; };
		DE1527B427CC7505002E45E1 /* LocationInfomationViewModel.swift in Sources */ = {isa = PBXBuildFile; fileRef = DE1527B327CC7505002E45E1 /* LocationInfomationViewModel.swift */; };
		DE1527B627CC7510002E45E1 /* BaseViewController.swift in Sources */ = {isa = PBXBuildFile; fileRef = DE1527B527CC7510002E45E1 /* BaseViewController.swift */; };
		DE1527C327CC7669002E45E1 /* Rx.swift in Sources */ = {isa = PBXBuildFile; fileRef = DE1527C227CC7669002E45E1 /* Rx.swift */; };
		DE1527C627CC7840002E45E1 /* DetailListCell.swift in Sources */ = {isa = PBXBuildFile; fileRef = DE1527C527CC7840002E45E1 /* DetailListCell.swift */; };
		DE1527C827CC8335002E45E1 /* DetailListBackgroundView.swift in Sources */ = {isa = PBXBuildFile; fileRef = DE1527C727CC8335002E45E1 /* DetailListBackgroundView.swift */; };
		DE1527CA27CC8345002E45E1 /* DetailListBackgroundViewModel.swift in Sources */ = {isa = PBXBuildFile; fileRef = DE1527C927CC8345002E45E1 /* DetailListBackgroundViewModel.swift */; };
		DE1921CF27CE0CD80007673A /* LocaNetworkStub.swift in Sources */ = {isa = PBXBuildFile; fileRef = DE1921CE27CE0CD80007673A /* LocaNetworkStub.swift */; };
		DE1C953427CE14BD00F22F8E /* libc++.tbd in Frameworks */ = {isa = PBXBuildFile; fileRef = DE2ED3B627CC723D00782836 /* libc++.tbd */; };
		DE1C953527CE14C500F22F8E /* libxml2.tbd in Frameworks */ = {isa = PBXBuildFile; fileRef = DE2ED3B727CC724500782836 /* libxml2.tbd */; };
		DE1C953627CE14D000F22F8E /* libsqlite3.tbd in Frameworks */ = {isa = PBXBuildFile; fileRef = DE2ED3B827CC725000782836 /* libsqlite3.tbd */; };
		DE2ED37227CC71A400782836 /* AppDelegate.swift in Sources */ = {isa = PBXBuildFile; fileRef = DE2ED37127CC71A400782836 /* AppDelegate.swift */; };
		DE2ED37427CC71A400782836 /* SceneDelegate.swift in Sources */ = {isa = PBXBuildFile; fileRef = DE2ED37327CC71A400782836 /* SceneDelegate.swift */; };
		DE2ED37B27CC71A500782836 /* Assets.xcassets in Resources */ = {isa = PBXBuildFile; fileRef = DE2ED37A27CC71A500782836 /* Assets.xcassets */; };
		DE2ED37E27CC71A500782836 /* LaunchScreen.storyboard in Resources */ = {isa = PBXBuildFile; fileRef = DE2ED37C27CC71A500782836 /* LaunchScreen.storyboard */; };
		DE2ED3AF27CC721B00782836 /* OpenGLES.framework in Frameworks */ = {isa = PBXBuildFile; fileRef = DE2ED3AE27CC721B00782836 /* OpenGLES.framework */; };
		DE2ED3B127CC722400782836 /* SystemConfiguration.framework in Frameworks */ = {isa = PBXBuildFile; fileRef = DE2ED3B027CC722400782836 /* SystemConfiguration.framework */; };
		DE2ED3B327CC722F00782836 /* CoreLocation.framework in Frameworks */ = {isa = PBXBuildFile; fileRef = DE2ED3B227CC722F00782836 /* CoreLocation.framework */; };
		DE2ED3B527CC723500782836 /* QuartzCore.framework in Frameworks */ = {isa = PBXBuildFile; fileRef = DE2ED3B427CC723500782836 /* QuartzCore.framework */; };
		DECBECDE27CDF3350013BC32 /* LocalAPI.swift in Sources */ = {isa = PBXBuildFile; fileRef = DECBECDD27CDF3350013BC32 /* LocalAPI.swift */; };
		DECBECE027CDF43F0013BC32 /* LocalNetwork.swift in Sources */ = {isa = PBXBuildFile; fileRef = DECBECDF27CDF43F0013BC32 /* LocalNetwork.swift */; };
		DECBECE227CDF65D0013BC32 /* LocationInfomationModel.swift in Sources */ = {isa = PBXBuildFile; fileRef = DECBECE127CDF65D0013BC32 /* LocationInfomationModel.swift */; };
		DECC82DE27CE0E2100C65D79 /* networkDummy.json in Resources */ = {isa = PBXBuildFile; fileRef = DECC82DD27CE0E2100C65D79 /* networkDummy.json */; };
		DECC82E027CE0E7C00C65D79 /* Dummy.swift in Sources */ = {isa = PBXBuildFile; fileRef = DECC82DF27CE0E7C00C65D79 /* Dummy.swift */; };
		DECC82E427CE0FD500C65D79 /* LocationInfomationModelTests.swift in Sources */ = {isa = PBXBuildFile; fileRef = DECC82E327CE0FD500C65D79 /* LocationInfomationModelTests.swift */; };
		F078F29A35816A17235C2725 /* Pods_findCVS.framework in Frameworks */ = {isa = PBXBuildFile; fileRef = 923866C8B1719F62040B89BD /* Pods_findCVS.framework */; };
/* End PBXBuildFile section */

/* Begin PBXContainerItemProxy section */
		DE1921C927CE0CA30007673A /* PBXContainerItemProxy */ = {
			isa = PBXContainerItemProxy;
			containerPortal = DE2ED36627CC71A400782836 /* Project object */;
			proxyType = 1;
			remoteGlobalIDString = DE2ED36D27CC71A400782836;
			remoteInfo = findCVS;
		};
/* End PBXContainerItemProxy section */

/* Begin PBXFileReference section */
		34673A3D4DF69FB13C179657 /* Pods-findCVS.release.xcconfig */ = {isa = PBXFileReference; includeInIndex = 1; lastKnownFileType = text.xcconfig; name = "Pods-findCVS.release.xcconfig"; path = "Target Support Files/Pods-findCVS/Pods-findCVS.release.xcconfig"; sourceTree = "<group>"; };
		68F809DE03AF5C4E79883AEB /* Pods-findCVSTests.release.xcconfig */ = {isa = PBXFileReference; includeInIndex = 1; lastKnownFileType = text.xcconfig; name = "Pods-findCVSTests.release.xcconfig"; path = "Target Support Files/Pods-findCVSTests/Pods-findCVSTests.release.xcconfig"; sourceTree = "<group>"; };
		82453C65AD897D6AC2C1C58B /* Pods-findCVSTests.debug.xcconfig */ = {isa = PBXFileReference; includeInIndex = 1; lastKnownFileType = text.xcconfig; name = "Pods-findCVSTests.debug.xcconfig"; path = "Target Support Files/Pods-findCVSTests/Pods-findCVSTests.debug.xcconfig"; sourceTree = "<group>"; };
		923866C8B1719F62040B89BD /* Pods_findCVS.framework */ = {isa = PBXFileReference; explicitFileType = wrapper.framework; includeInIndex = 0; path = Pods_findCVS.framework; sourceTree = BUILT_PRODUCTS_DIR; };
		DB6623FABDCB2104687A6952 /* Pods_findCVSTests.framework */ = {isa = PBXFileReference; explicitFileType = wrapper.framework; includeInIndex = 0; path = Pods_findCVSTests.framework; sourceTree = BUILT_PRODUCTS_DIR; };
		DE1527A727CC7441002E45E1 /* MTMapViewError.swift */ = {isa = PBXFileReference; fileEncoding = 4; lastKnownFileType = sourcecode.swift; path = MTMapViewError.swift; sourceTree = "<group>"; };
		DE1527A827CC7441002E45E1 /* DetailListCellData.swift */ = {isa = PBXFileReference; fileEncoding = 4; lastKnownFileType = sourcecode.swift; path = DetailListCellData.swift; sourceTree = "<group>"; };
		DE1527A927CC7441002E45E1 /* KLDocument.swift */ = {isa = PBXFileReference; fileEncoding = 4; lastKnownFileType = sourcecode.swift; path = KLDocument.swift; sourceTree = "<group>"; };
		DE1527AA27CC7441002E45E1 /* LocationData.swift */ = {isa = PBXFileReference; fileEncoding = 4; lastKnownFileType = sourcecode.swift; path = LocationData.swift; sourceTree = "<group>"; };
		DE1527AF27CC74EB002E45E1 /* LocationInfomation.swift */ = {isa = PBXFileReference; lastKnownFileType = sourcecode.swift; path = LocationInfomation.swift; sourceTree = "<group>"; };
		DE1527B327CC7505002E45E1 /* LocationInfomationViewModel.swift */ = {isa = PBXFileReference; lastKnownFileType = sourcecode.swift; path = LocationInfomationViewModel.swift; sourceTree = "<group>"; };
		DE1527B527CC7510002E45E1 /* BaseViewController.swift */ = {isa = PBXFileReference; fileEncoding = 4; lastKnownFileType = sourcecode.swift; path = BaseViewController.swift; sourceTree = "<group>"; };
		DE1527C227CC7669002E45E1 /* Rx.swift */ = {isa = PBXFileReference; lastKnownFileType = sourcecode.swift; path = Rx.swift; sourceTree = "<group>"; };
		DE1527C527CC7840002E45E1 /* DetailListCell.swift */ = {isa = PBXFileReference; lastKnownFileType = sourcecode.swift; path = DetailListCell.swift; sourceTree = "<group>"; };
		DE1527C727CC8335002E45E1 /* DetailListBackgroundView.swift */ = {isa = PBXFileReference; lastKnownFileType = sourcecode.swift; path = DetailListBackgroundView.swift; sourceTree = "<group>"; };
		DE1527C927CC8345002E45E1 /* DetailListBackgroundViewModel.swift */ = {isa = PBXFileReference; lastKnownFileType = sourcecode.swift; path = DetailListBackgroundViewModel.swift; sourceTree = "<group>"; };
		DE1921C527CE0CA30007673A /* findCVSTests.xctest */ = {isa = PBXFileReference; explicitFileType = wrapper.cfbundle; includeInIndex = 0; path = findCVSTests.xctest; sourceTree = BUILT_PRODUCTS_DIR; };
		DE1921CE27CE0CD80007673A /* LocaNetworkStub.swift */ = {isa = PBXFileReference; lastKnownFileType = sourcecode.swift; path = LocaNetworkStub.swift; sourceTree = "<group>"; };
		DE2ED36E27CC71A400782836 /* findCVS.app */ = {isa = PBXFileReference; explicitFileType = wrapper.application; includeInIndex = 0; path = findCVS.app; sourceTree = BUILT_PRODUCTS_DIR; };
		DE2ED37127CC71A400782836 /* AppDelegate.swift */ = {isa = PBXFileReference; lastKnownFileType = sourcecode.swift; path = AppDelegate.swift; sourceTree = "<group>"; };
		DE2ED37327CC71A400782836 /* SceneDelegate.swift */ = {isa = PBXFileReference; lastKnownFileType = sourcecode.swift; path = SceneDelegate.swift; sourceTree = "<group>"; };
		DE2ED37A27CC71A500782836 /* Assets.xcassets */ = {isa = PBXFileReference; lastKnownFileType = folder.assetcatalog; path = Assets.xcassets; sourceTree = "<group>"; };
		DE2ED37D27CC71A500782836 /* Base */ = {isa = PBXFileReference; lastKnownFileType = file.storyboard; name = Base; path = Base.lproj/LaunchScreen.storyboard; sourceTree = "<group>"; };
		DE2ED37F27CC71A500782836 /* Info.plist */ = {isa = PBXFileReference; lastKnownFileType = text.plist.xml; path = Info.plist; sourceTree = "<group>"; };
		DE2ED38527CC71CE00782836 /* BridgingHeader.h */ = {isa = PBXFileReference; fileEncoding = 4; lastKnownFileType = sourcecode.c.h; path = BridgingHeader.h; sourceTree = "<group>"; };
		DE2ED38927CC71EC00782836 /* map_pinup_custom@3x.png */ = {isa = PBXFileReference; lastKnownFileType = image.png; path = "map_pinup_custom@3x.png"; sourceTree = "<group>"; };
		DE2ED38A27CC71EC00782836 /* map_pin_custom.png */ = {isa = PBXFileReference; lastKnownFileType = image.png; path = map_pin_custom.png; sourceTree = "<group>"; };
		DE2ED38B27CC71EC00782836 /* shadow_balloon.png */ = {isa = PBXFileReference; lastKnownFileType = image.png; path = shadow_balloon.png; sourceTree = "<group>"; };
		DE2ED38C27CC71EC00782836 /* map_pinup.png */ = {isa = PBXFileReference; lastKnownFileType = image.png; path = map_pinup.png; sourceTree = "<group>"; };
		DE2ED38D27CC71EC00782836 /* detail_button.png */ = {isa = PBXFileReference; lastKnownFileType = image.png; path = detail_button.png; sourceTree = "<group>"; };
		DE2ED38E27CC71EC00782836 /* map_pin_custom@3x.png */ = {isa = PBXFileReference; lastKnownFileType = image.png; path = "map_pin_custom@3x.png"; sourceTree = "<group>"; };
		DE2ED38F27CC71EC00782836 /* map_pinup@3x.png */ = {isa = PBXFileReference; lastKnownFileType = image.png; path = "map_pinup@3x.png"; sourceTree = "<group>"; };
		DE2ED39027CC71EC00782836 /* map_pin_shadow@3x.png */ = {isa = PBXFileReference; lastKnownFileType = image.png; path = "map_pin_shadow@3x.png"; sourceTree = "<group>"; };
		DE2ED39127CC71EC00782836 /* copyright.png */ = {isa = PBXFileReference; lastKnownFileType = image.png; path = copyright.png; sourceTree = "<group>"; };
		DE2ED39227CC71EC00782836 /* th_line.png */ = {isa = PBXFileReference; lastKnownFileType = image.png; path = th_line.png; sourceTree = "<group>"; };
		DE2ED39327CC71EC00782836 /* map_pin_red@3x.png */ = {isa = PBXFileReference; lastKnownFileType = image.png; path = "map_pin_red@3x.png"; sourceTree = "<group>"; };
		DE2ED39427CC71EC00782836 /* daum_copyright.png */ = {isa = PBXFileReference; lastKnownFileType = image.png; path = daum_copyright.png; sourceTree = "<group>"; };
		DE2ED39527CC71EC00782836 /* map_pin@3x.png */ = {isa = PBXFileReference; lastKnownFileType = image.png; path = "map_pin@3x.png"; sourceTree = "<group>"; };
		DE2ED39627CC71EC00782836 /* map_present_tracking.png */ = {isa = PBXFileReference; lastKnownFileType = image.png; path = map_present_tracking.png; sourceTree = "<group>"; };
		DE2ED39727CC71EC00782836 /* map_pin_red.png */ = {isa = PBXFileReference; lastKnownFileType = image.png; path = map_pin_red.png; sourceTree = "<group>"; };
		DE2ED39927CC71EC00782836 /* MTMapPOIItem.h */ = {isa = PBXFileReference; lastKnownFileType = sourcecode.c.h; path = MTMapPOIItem.h; sourceTree = "<group>"; };
		DE2ED39A27CC71EC00782836 /* MTMapCameraUpdate.h */ = {isa = PBXFileReference; lastKnownFileType = sourcecode.c.h; path = MTMapCameraUpdate.h; sourceTree = "<group>"; };
		DE2ED39B27CC71EC00782836 /* MTMapReverseGeoCoder.h */ = {isa = PBXFileReference; lastKnownFileType = sourcecode.c.h; path = MTMapReverseGeoCoder.h; sourceTree = "<group>"; };
		DE2ED39C27CC71EC00782836 /* MTMapPolyline.h */ = {isa = PBXFileReference; lastKnownFileType = sourcecode.c.h; path = MTMapPolyline.h; sourceTree = "<group>"; };
		DE2ED39D27CC71EC00782836 /* MTMapLocationMarkerItem.h */ = {isa = PBXFileReference; lastKnownFileType = sourcecode.c.h; path = MTMapLocationMarkerItem.h; sourceTree = "<group>"; };
		DE2ED39E27CC71EC00782836 /* MTMapView.h */ = {isa = PBXFileReference; lastKnownFileType = sourcecode.c.h; path = MTMapView.h; sourceTree = "<group>"; };
		DE2ED39F27CC71EC00782836 /* MTMapGeometry.h */ = {isa = PBXFileReference; lastKnownFileType = sourcecode.c.h; path = MTMapGeometry.h; sourceTree = "<group>"; };
		DE2ED3A027CC71EC00782836 /* MTMapCircle.h */ = {isa = PBXFileReference; lastKnownFileType = sourcecode.c.h; path = MTMapCircle.h; sourceTree = "<group>"; };
		DE2ED3A127CC71EC00782836 /* info_box.png */ = {isa = PBXFileReference; lastKnownFileType = image.png; path = info_box.png; sourceTree = "<group>"; };
		DE2ED3A227CC71EC00782836 /* point_sprite.png */ = {isa = PBXFileReference; lastKnownFileType = image.png; path = point_sprite.png; sourceTree = "<group>"; };
		DE2ED3A327CC71EC00782836 /* map_pinup_custom.png */ = {isa = PBXFileReference; lastKnownFileType = image.png; path = map_pinup_custom.png; sourceTree = "<group>"; };
		DE2ED3A427CC71EC00782836 /* info_box_tail.png */ = {isa = PBXFileReference; lastKnownFileType = image.png; path = info_box_tail.png; sourceTree = "<group>"; };
		DE2ED3A527CC71EC00782836 /* noimage256.png */ = {isa = PBXFileReference; lastKnownFileType = image.png; path = noimage256.png; sourceTree = "<group>"; };
		DE2ED3A627CC71EC00782836 /* map_present_direction.png */ = {isa = PBXFileReference; lastKnownFileType = image.png; path = map_present_direction.png; sourceTree = "<group>"; };
		DE2ED3A727CC71EC00782836 /* map_pin.png */ = {isa = PBXFileReference; lastKnownFileType = image.png; path = map_pin.png; sourceTree = "<group>"; };
		DE2ED3A827CC71EC00782836 /* map_present.png */ = {isa = PBXFileReference; lastKnownFileType = image.png; path = map_present.png; sourceTree = "<group>"; };
		DE2ED3A927CC71EC00782836 /* noimage.png */ = {isa = PBXFileReference; lastKnownFileType = image.png; path = noimage.png; sourceTree = "<group>"; };
		DE2ED3AA27CC71EC00782836 /* map_present_background_update.png */ = {isa = PBXFileReference; lastKnownFileType = image.png; path = map_present_background_update.png; sourceTree = "<group>"; };
		DE2ED3AB27CC71EC00782836 /* daum_th_line.png */ = {isa = PBXFileReference; lastKnownFileType = image.png; path = daum_th_line.png; sourceTree = "<group>"; };
		DE2ED3AC27CC71EC00782836 /* map_pin_shadow.png */ = {isa = PBXFileReference; lastKnownFileType = image.png; path = map_pin_shadow.png; sourceTree = "<group>"; };
		DE2ED3AD27CC71EC00782836 /* DaumMap.framework */ = {isa = PBXFileReference; lastKnownFileType = wrapper.framework; path = DaumMap.framework; sourceTree = "<group>"; };
		DE2ED3AE27CC721B00782836 /* OpenGLES.framework */ = {isa = PBXFileReference; lastKnownFileType = wrapper.framework; name = OpenGLES.framework; path = System/Library/Frameworks/OpenGLES.framework; sourceTree = SDKROOT; };
		DE2ED3B027CC722400782836 /* SystemConfiguration.framework */ = {isa = PBXFileReference; lastKnownFileType = wrapper.framework; name = SystemConfiguration.framework; path = System/Library/Frameworks/SystemConfiguration.framework; sourceTree = SDKROOT; };
		DE2ED3B227CC722F00782836 /* CoreLocation.framework */ = {isa = PBXFileReference; lastKnownFileType = wrapper.framework; name = CoreLocation.framework; path = System/Library/Frameworks/CoreLocation.framework; sourceTree = SDKROOT; };
		DE2ED3B427CC723500782836 /* QuartzCore.framework */ = {isa = PBXFileReference; lastKnownFileType = wrapper.framework; name = QuartzCore.framework; path = System/Library/Frameworks/QuartzCore.framework; sourceTree = SDKROOT; };
		DE2ED3B627CC723D00782836 /* libc++.tbd */ = {isa = PBXFileReference; lastKnownFileType = "sourcecode.text-based-dylib-definition"; name = "libc++.tbd"; path = "usr/lib/libc++.tbd"; sourceTree = SDKROOT; };
		DE2ED3B727CC724500782836 /* libxml2.tbd */ = {isa = PBXFileReference; lastKnownFileType = "sourcecode.text-based-dylib-definition"; name = libxml2.tbd; path = usr/lib/libxml2.tbd; sourceTree = SDKROOT; };
		DE2ED3B827CC725000782836 /* libsqlite3.tbd */ = {isa = PBXFileReference; lastKnownFileType = "sourcecode.text-based-dylib-definition"; name = libsqlite3.tbd; path = usr/lib/libsqlite3.tbd; sourceTree = SDKROOT; };
		DECBECDD27CDF3350013BC32 /* LocalAPI.swift */ = {isa = PBXFileReference; lastKnownFileType = sourcecode.swift; path = LocalAPI.swift; sourceTree = "<group>"; };
		DECBECDF27CDF43F0013BC32 /* LocalNetwork.swift */ = {isa = PBXFileReference; lastKnownFileType = sourcecode.swift; path = LocalNetwork.swift; sourceTree = "<group>"; };
		DECBECE127CDF65D0013BC32 /* LocationInfomationModel.swift */ = {isa = PBXFileReference; lastKnownFileType = sourcecode.swift; path = LocationInfomationModel.swift; sourceTree = "<group>"; };
		DECC82DD27CE0E2100C65D79 /* networkDummy.json */ = {isa = PBXFileReference; lastKnownFileType = text.json; path = networkDummy.json; sourceTree = "<group>"; };
		DECC82DF27CE0E7C00C65D79 /* Dummy.swift */ = {isa = PBXFileReference; lastKnownFileType = sourcecode.swift; path = Dummy.swift; sourceTree = "<group>"; };
		DECC82E327CE0FD500C65D79 /* LocationInfomationModelTests.swift */ = {isa = PBXFileReference; lastKnownFileType = sourcecode.swift; path = LocationInfomationModelTests.swift; sourceTree = "<group>"; };
		F7407D9F317E43ED9D431EAC /* Pods-findCVS.debug.xcconfig */ = {isa = PBXFileReference; includeInIndex = 1; lastKnownFileType = text.xcconfig; name = "Pods-findCVS.debug.xcconfig"; path = "Target Support Files/Pods-findCVS/Pods-findCVS.debug.xcconfig"; sourceTree = "<group>"; };
/* End PBXFileReference section */

/* Begin PBXFrameworksBuildPhase section */
		DE1921C227CE0CA30007673A /* Frameworks */ = {
			isa = PBXFrameworksBuildPhase;
			buildActionMask = 2147483647;
			files = (
				D177C991874A586A7247B3F0 /* Pods_findCVSTests.framework in Frameworks */,
			);
			runOnlyForDeploymentPostprocessing = 0;
		};
		DE2ED36B27CC71A400782836 /* Frameworks */ = {
			isa = PBXFrameworksBuildPhase;
			buildActionMask = 2147483647;
			files = (
				DE1C953627CE14D000F22F8E /* libsqlite3.tbd in Frameworks */,
				DE1C953527CE14C500F22F8E /* libxml2.tbd in Frameworks */,
				DE1C953427CE14BD00F22F8E /* libc++.tbd in Frameworks */,
				DE2ED3B527CC723500782836 /* QuartzCore.framework in Frameworks */,
				DE15277E27CC737E002E45E1 /* DaumMap.framework in Frameworks */,
				DE2ED3B327CC722F00782836 /* CoreLocation.framework in Frameworks */,
				DE2ED3B127CC722400782836 /* SystemConfiguration.framework in Frameworks */,
				DE2ED3AF27CC721B00782836 /* OpenGLES.framework in Frameworks */,
				F078F29A35816A17235C2725 /* Pods_findCVS.framework in Frameworks */,
			);
			runOnlyForDeploymentPostprocessing = 0;
		};
/* End PBXFrameworksBuildPhase section */

/* Begin PBXGroup section */
		4083C461F62D3ED8232758B5 /* Pods */ = {
			isa = PBXGroup;
			children = (
				F7407D9F317E43ED9D431EAC /* Pods-findCVS.debug.xcconfig */,
				34673A3D4DF69FB13C179657 /* Pods-findCVS.release.xcconfig */,
				82453C65AD897D6AC2C1C58B /* Pods-findCVSTests.debug.xcconfig */,
				68F809DE03AF5C4E79883AEB /* Pods-findCVSTests.release.xcconfig */,
			);
			path = Pods;
			sourceTree = "<group>";
		};
		DE1527A627CC7441002E45E1 /* Entities */ = {
			isa = PBXGroup;
			children = (
				DE1527A727CC7441002E45E1 /* MTMapViewError.swift */,
				DE1527A827CC7441002E45E1 /* DetailListCellData.swift */,
				DE1527A927CC7441002E45E1 /* KLDocument.swift */,
				DE1527AA27CC7441002E45E1 /* LocationData.swift */,
			);
			path = Entities;
			sourceTree = "<group>";
		};
		DE1527B127CC74EF002E45E1 /* Controller */ = {
			isa = PBXGroup;
			children = (
				DE1527B527CC7510002E45E1 /* BaseViewController.swift */,
				DE1527B227CC74F4002E45E1 /* LocataionInfomation */,
			);
			path = Controller;
			sourceTree = "<group>";
		};
		DE1527B227CC74F4002E45E1 /* LocataionInfomation */ = {
			isa = PBXGroup;
			children = (
				DE1527AF27CC74EB002E45E1 /* LocationInfomation.swift */,
				DE1527B327CC7505002E45E1 /* LocationInfomationViewModel.swift */,
				DECBECE127CDF65D0013BC32 /* LocationInfomationModel.swift */,
			);
			path = LocataionInfomation;
			sourceTree = "<group>";
		};
		DE1527C127CC7660002E45E1 /* Extension */ = {
			isa = PBXGroup;
			children = (
				DE1527C227CC7669002E45E1 /* Rx.swift */,
			);
			path = Extension;
			sourceTree = "<group>";
		};
		DE1527C427CC7838002E45E1 /* View */ = {
			isa = PBXGroup;
			children = (
				DE1527C527CC7840002E45E1 /* DetailListCell.swift */,
				DE1527C727CC8335002E45E1 /* DetailListBackgroundView.swift */,
				DE1527C927CC8345002E45E1 /* DetailListBackgroundViewModel.swift */,
			);
			path = View;
			sourceTree = "<group>";
		};
		DE1921C627CE0CA30007673A /* findCVSTests */ = {
			isa = PBXGroup;
			children = (
				DE1921CE27CE0CD80007673A /* LocaNetworkStub.swift */,
				DECC82DD27CE0E2100C65D79 /* networkDummy.json */,
				DECC82DF27CE0E7C00C65D79 /* Dummy.swift */,
				DECC82E327CE0FD500C65D79 /* LocationInfomationModelTests.swift */,
			);
			path = findCVSTests;
			sourceTree = "<group>";
		};
		DE2ED36527CC71A400782836 = {
			isa = PBXGroup;
			children = (
				DE2ED37027CC71A400782836 /* findCVS */,
				DE1921C627CE0CA30007673A /* findCVSTests */,
				DE2ED36F27CC71A400782836 /* Products */,
				DE2ED38627CC71EC00782836 /* Frameworks */,
				4083C461F62D3ED8232758B5 /* Pods */,
			);
			sourceTree = "<group>";
		};
		DE2ED36F27CC71A400782836 /* Products */ = {
			isa = PBXGroup;
			children = (
				DE2ED36E27CC71A400782836 /* findCVS.app */,
				DE1921C527CE0CA30007673A /* findCVSTests.xctest */,
			);
			name = Products;
			sourceTree = "<group>";
		};
		DE2ED37027CC71A400782836 /* findCVS */ = {
			isa = PBXGroup;
			children = (
				DE2ED38527CC71CE00782836 /* BridgingHeader.h */,
				DECBECDC27CDF30D0013BC32 /* Network */,
				DE1527C127CC7660002E45E1 /* Extension */,
				DE1527A627CC7441002E45E1 /* Entities */,
				DE1527B127CC74EF002E45E1 /* Controller */,
				DE1527C427CC7838002E45E1 /* View */,
				DE2ED37127CC71A400782836 /* AppDelegate.swift */,
				DE2ED37327CC71A400782836 /* SceneDelegate.swift */,
				DE2ED37A27CC71A500782836 /* Assets.xcassets */,
				DE2ED37C27CC71A500782836 /* LaunchScreen.storyboard */,
				DE2ED37F27CC71A500782836 /* Info.plist */,
			);
			path = findCVS;
			sourceTree = "<group>";
		};
		DE2ED38627CC71EC00782836 /* Frameworks */ = {
			isa = PBXGroup;
			children = (
				DE2ED3B827CC725000782836 /* libsqlite3.tbd */,
				DE2ED3B727CC724500782836 /* libxml2.tbd */,
				DE2ED3B627CC723D00782836 /* libc++.tbd */,
				DE2ED3B427CC723500782836 /* QuartzCore.framework */,
				DE2ED3B227CC722F00782836 /* CoreLocation.framework */,
				DE2ED3B027CC722400782836 /* SystemConfiguration.framework */,
				DE2ED3AE27CC721B00782836 /* OpenGLES.framework */,
				DE2ED38727CC71EC00782836 /* DaumMap.embeddedframework */,
				923866C8B1719F62040B89BD /* Pods_findCVS.framework */,
				DB6623FABDCB2104687A6952 /* Pods_findCVSTests.framework */,
			);
			name = Frameworks;
			sourceTree = "<group>";
		};
		DE2ED38727CC71EC00782836 /* DaumMap.embeddedframework */ = {
			isa = PBXGroup;
			children = (
				DE2ED38827CC71EC00782836 /* Resources */,
				DE2ED3AD27CC71EC00782836 /* DaumMap.framework */,
			);
			path = DaumMap.embeddedframework;
			sourceTree = "<group>";
		};
		DE2ED38827CC71EC00782836 /* Resources */ = {
			isa = PBXGroup;
			children = (
				DE2ED38927CC71EC00782836 /* map_pinup_custom@3x.png */,
				DE2ED38A27CC71EC00782836 /* map_pin_custom.png */,
				DE2ED38B27CC71EC00782836 /* shadow_balloon.png */,
				DE2ED38C27CC71EC00782836 /* map_pinup.png */,
				DE2ED38D27CC71EC00782836 /* detail_button.png */,
				DE2ED38E27CC71EC00782836 /* map_pin_custom@3x.png */,
				DE2ED38F27CC71EC00782836 /* map_pinup@3x.png */,
				DE2ED39027CC71EC00782836 /* map_pin_shadow@3x.png */,
				DE2ED39127CC71EC00782836 /* copyright.png */,
				DE2ED39227CC71EC00782836 /* th_line.png */,
				DE2ED39327CC71EC00782836 /* map_pin_red@3x.png */,
				DE2ED39427CC71EC00782836 /* daum_copyright.png */,
				DE2ED39527CC71EC00782836 /* map_pin@3x.png */,
				DE2ED39627CC71EC00782836 /* map_present_tracking.png */,
				DE2ED39727CC71EC00782836 /* map_pin_red.png */,
				DE2ED39827CC71EC00782836 /* Headers */,
				DE2ED3A127CC71EC00782836 /* info_box.png */,
				DE2ED3A227CC71EC00782836 /* point_sprite.png */,
				DE2ED3A327CC71EC00782836 /* map_pinup_custom.png */,
				DE2ED3A427CC71EC00782836 /* info_box_tail.png */,
				DE2ED3A527CC71EC00782836 /* noimage256.png */,
				DE2ED3A627CC71EC00782836 /* map_present_direction.png */,
				DE2ED3A727CC71EC00782836 /* map_pin.png */,
				DE2ED3A827CC71EC00782836 /* map_present.png */,
				DE2ED3A927CC71EC00782836 /* noimage.png */,
				DE2ED3AA27CC71EC00782836 /* map_present_background_update.png */,
				DE2ED3AB27CC71EC00782836 /* daum_th_line.png */,
				DE2ED3AC27CC71EC00782836 /* map_pin_shadow.png */,
			);
			path = Resources;
			sourceTree = "<group>";
		};
		DE2ED39827CC71EC00782836 /* Headers */ = {
			isa = PBXGroup;
			children = (
				DE2ED39927CC71EC00782836 /* MTMapPOIItem.h */,
				DE2ED39A27CC71EC00782836 /* MTMapCameraUpdate.h */,
				DE2ED39B27CC71EC00782836 /* MTMapReverseGeoCoder.h */,
				DE2ED39C27CC71EC00782836 /* MTMapPolyline.h */,
				DE2ED39D27CC71EC00782836 /* MTMapLocationMarkerItem.h */,
				DE2ED39E27CC71EC00782836 /* MTMapView.h */,
				DE2ED39F27CC71EC00782836 /* MTMapGeometry.h */,
				DE2ED3A027CC71EC00782836 /* MTMapCircle.h */,
			);
			path = Headers;
			sourceTree = "<group>";
		};
		DECBECDC27CDF30D0013BC32 /* Network */ = {
			isa = PBXGroup;
			children = (
				DECBECDD27CDF3350013BC32 /* LocalAPI.swift */,
				DECBECDF27CDF43F0013BC32 /* LocalNetwork.swift */,
			);
			path = Network;
			sourceTree = "<group>";
		};
/* End PBXGroup section */

/* Begin PBXNativeTarget section */
		DE1921C427CE0CA30007673A /* findCVSTests */ = {
			isa = PBXNativeTarget;
			buildConfigurationList = DE1921CD27CE0CA30007673A /* Build configuration list for PBXNativeTarget "findCVSTests" */;
			buildPhases = (
				BB1A22E21617EABF7101D0F6 /* [CP] Check Pods Manifest.lock */,
				DE1921C127CE0CA30007673A /* Sources */,
				DE1921C227CE0CA30007673A /* Frameworks */,
				DE1921C327CE0CA30007673A /* Resources */,
				7687579F462AC9A6FD250289 /* [CP] Embed Pods Frameworks */,
			);
			buildRules = (
			);
			dependencies = (
				DE1921CA27CE0CA30007673A /* PBXTargetDependency */,
			);
			name = findCVSTests;
			productName = findCVSTests;
			productReference = DE1921C527CE0CA30007673A /* findCVSTests.xctest */;
			productType = "com.apple.product-type.bundle.unit-test";
		};
		DE2ED36D27CC71A400782836 /* findCVS */ = {
			isa = PBXNativeTarget;
			buildConfigurationList = DE2ED38227CC71A500782836 /* Build configuration list for PBXNativeTarget "findCVS" */;
			buildPhases = (
				9F2A2705254B84B0B75F7B70 /* [CP] Check Pods Manifest.lock */,
				DE2ED36A27CC71A400782836 /* Sources */,
				DE2ED36B27CC71A400782836 /* Frameworks */,
				DE2ED36C27CC71A400782836 /* Resources */,
				0E15831CA7957911EF582323 /* [CP] Embed Pods Frameworks */,
			);
			buildRules = (
			);
			dependencies = (
			);
			name = findCVS;
			productName = findCVS;
			productReference = DE2ED36E27CC71A400782836 /* findCVS.app */;
			productType = "com.apple.product-type.application";
		};
/* End PBXNativeTarget section */

/* Begin PBXProject section */
		DE2ED36627CC71A400782836 /* Project object */ = {
			isa = PBXProject;
			attributes = {
				BuildIndependentTargetsInParallel = 1;
				LastSwiftUpdateCheck = 1320;
				LastUpgradeCheck = 1320;
				TargetAttributes = {
					DE1921C427CE0CA30007673A = {
						CreatedOnToolsVersion = 13.2.1;
						LastSwiftMigration = 1320;
						TestTargetID = DE2ED36D27CC71A400782836;
					};
					DE2ED36D27CC71A400782836 = {
						CreatedOnToolsVersion = 13.2.1;
					};
				};
			};
			buildConfigurationList = DE2ED36927CC71A400782836 /* Build configuration list for PBXProject "findCVS" */;
			compatibilityVersion = "Xcode 12.0";
			developmentRegion = en;
			hasScannedForEncodings = 0;
			knownRegions = (
				en,
				Base,
			);
			mainGroup = DE2ED36527CC71A400782836;
			productRefGroup = DE2ED36F27CC71A400782836 /* Products */;
			projectDirPath = "";
			projectRoot = "";
			targets = (
				DE2ED36D27CC71A400782836 /* findCVS */,
				DE1921C427CE0CA30007673A /* findCVSTests */,
			);
		};
/* End PBXProject section */

/* Begin PBXResourcesBuildPhase section */
		DE1921C327CE0CA30007673A /* Resources */ = {
			isa = PBXResourcesBuildPhase;
			buildActionMask = 2147483647;
			files = (
				DECC82DE27CE0E2100C65D79 /* networkDummy.json in Resources */,
			);
			runOnlyForDeploymentPostprocessing = 0;
		};
		DE2ED36C27CC71A400782836 /* Resources */ = {
			isa = PBXResourcesBuildPhase;
			buildActionMask = 2147483647;
			files = (
				DE2ED37E27CC71A500782836 /* LaunchScreen.storyboard in Resources */,
				DE2ED37B27CC71A500782836 /* Assets.xcassets in Resources */,
			);
			runOnlyForDeploymentPostprocessing = 0;
		};
/* End PBXResourcesBuildPhase section */

/* Begin PBXShellScriptBuildPhase section */
		0E15831CA7957911EF582323 /* [CP] Embed Pods Frameworks */ = {
			isa = PBXShellScriptBuildPhase;
			buildActionMask = 2147483647;
			files = (
			);
			inputFileListPaths = (
				"${PODS_ROOT}/Target Support Files/Pods-findCVS/Pods-findCVS-frameworks-${CONFIGURATION}-input-files.xcfilelist",
			);
			name = "[CP] Embed Pods Frameworks";
			outputFileListPaths = (
				"${PODS_ROOT}/Target Support Files/Pods-findCVS/Pods-findCVS-frameworks-${CONFIGURATION}-output-files.xcfilelist",
			);
			runOnlyForDeploymentPostprocessing = 0;
			shellPath = /bin/sh;
			shellScript = "\"${PODS_ROOT}/Target Support Files/Pods-findCVS/Pods-findCVS-frameworks.sh\"\n";
			showEnvVarsInLog = 0;
		};
		7687579F462AC9A6FD250289 /* [CP] Embed Pods Frameworks */ = {
			isa = PBXShellScriptBuildPhase;
			buildActionMask = 2147483647;
			files = (
			);
			inputFileListPaths = (
				"${PODS_ROOT}/Target Support Files/Pods-findCVSTests/Pods-findCVSTests-frameworks-${CONFIGURATION}-input-files.xcfilelist",
			);
			name = "[CP] Embed Pods Frameworks";
			outputFileListPaths = (
				"${PODS_ROOT}/Target Support Files/Pods-findCVSTests/Pods-findCVSTests-frameworks-${CONFIGURATION}-output-files.xcfilelist",
			);
			runOnlyForDeploymentPostprocessing = 0;
			shellPath = /bin/sh;
			shellScript = "\"${PODS_ROOT}/Target Support Files/Pods-findCVSTests/Pods-findCVSTests-frameworks.sh\"\n";
			showEnvVarsInLog = 0;
		};
		9F2A2705254B84B0B75F7B70 /* [CP] Check Pods Manifest.lock */ = {
			isa = PBXShellScriptBuildPhase;
			buildActionMask = 2147483647;
			files = (
			);
			inputFileListPaths = (
			);
			inputPaths = (
				"${PODS_PODFILE_DIR_PATH}/Podfile.lock",
				"${PODS_ROOT}/Manifest.lock",
			);
			name = "[CP] Check Pods Manifest.lock";
			outputFileListPaths = (
			);
			outputPaths = (
				"$(DERIVED_FILE_DIR)/Pods-findCVS-checkManifestLockResult.txt",
			);
			runOnlyForDeploymentPostprocessing = 0;
			shellPath = /bin/sh;
			shellScript = "diff \"${PODS_PODFILE_DIR_PATH}/Podfile.lock\" \"${PODS_ROOT}/Manifest.lock\" > /dev/null\nif [ $? != 0 ] ; then\n    # print error to STDERR\n    echo \"error: The sandbox is not in sync with the Podfile.lock. Run 'pod install' or update your CocoaPods installation.\" >&2\n    exit 1\nfi\n# This output is used by Xcode 'outputs' to avoid re-running this script phase.\necho \"SUCCESS\" > \"${SCRIPT_OUTPUT_FILE_0}\"\n";
			showEnvVarsInLog = 0;
		};
		BB1A22E21617EABF7101D0F6 /* [CP] Check Pods Manifest.lock */ = {
			isa = PBXShellScriptBuildPhase;
			buildActionMask = 2147483647;
			files = (
			);
			inputFileListPaths = (
			);
			inputPaths = (
				"${PODS_PODFILE_DIR_PATH}/Podfile.lock",
				"${PODS_ROOT}/Manifest.lock",
			);
			name = "[CP] Check Pods Manifest.lock";
			outputFileListPaths = (
			);
			outputPaths = (
				"$(DERIVED_FILE_DIR)/Pods-findCVSTests-checkManifestLockResult.txt",
			);
			runOnlyForDeploymentPostprocessing = 0;
			shellPath = /bin/sh;
			shellScript = "diff \"${PODS_PODFILE_DIR_PATH}/Podfile.lock\" \"${PODS_ROOT}/Manifest.lock\" > /dev/null\nif [ $? != 0 ] ; then\n    # print error to STDERR\n    echo \"error: The sandbox is not in sync with the Podfile.lock. Run 'pod install' or update your CocoaPods installation.\" >&2\n    exit 1\nfi\n# This output is used by Xcode 'outputs' to avoid re-running this script phase.\necho \"SUCCESS\" > \"${SCRIPT_OUTPUT_FILE_0}\"\n";
			showEnvVarsInLog = 0;
		};
/* End PBXShellScriptBuildPhase section */

/* Begin PBXSourcesBuildPhase section */
		DE1921C127CE0CA30007673A /* Sources */ = {
			isa = PBXSourcesBuildPhase;
			buildActionMask = 2147483647;
			files = (
				DECC82E427CE0FD500C65D79 /* LocationInfomationModelTests.swift in Sources */,
				DECC82E027CE0E7C00C65D79 /* Dummy.swift in Sources */,
				DE1921CF27CE0CD80007673A /* LocaNetworkStub.swift in Sources */,
			);
			runOnlyForDeploymentPostprocessing = 0;
		};
		DE2ED36A27CC71A400782836 /* Sources */ = {
			isa = PBXSourcesBuildPhase;
			buildActionMask = 2147483647;
			files = (
				DE1527B027CC74EB002E45E1 /* LocationInfomation.swift in Sources */,
				DE2ED37227CC71A400782836 /* AppDelegate.swift in Sources */,
				DE2ED37427CC71A400782836 /* SceneDelegate.swift in Sources */,
				DE1527C327CC7669002E45E1 /* Rx.swift in Sources */,
				DE1527CA27CC8345002E45E1 /* DetailListBackgroundViewModel.swift in Sources */,
				DE1527AC27CC7441002E45E1 /* DetailListCellData.swift in Sources */,
				DECBECE227CDF65D0013BC32 /* LocationInfomationModel.swift in Sources */,
				DECBECDE27CDF3350013BC32 /* LocalAPI.swift in Sources */,
				DE1527B627CC7510002E45E1 /* BaseViewController.swift in Sources */,
				DE1527AE27CC7441002E45E1 /* LocationData.swift in Sources */,
				DE1527C827CC8335002E45E1 /* DetailListBackgroundView.swift in Sources */,
				DE1527B427CC7505002E45E1 /* LocationInfomationViewModel.swift in Sources */,
				DE1527AB27CC7441002E45E1 /* MTMapViewError.swift in Sources */,
				DE1527C627CC7840002E45E1 /* DetailListCell.swift in Sources */,
				DECBECE027CDF43F0013BC32 /* LocalNetwork.swift in Sources */,
				DE1527AD27CC7441002E45E1 /* KLDocument.swift in Sources */,
			);
			runOnlyForDeploymentPostprocessing = 0;
		};
/* End PBXSourcesBuildPhase section */

/* Begin PBXTargetDependency section */
		DE1921CA27CE0CA30007673A /* PBXTargetDependency */ = {
			isa = PBXTargetDependency;
			target = DE2ED36D27CC71A400782836 /* findCVS */;
			targetProxy = DE1921C927CE0CA30007673A /* PBXContainerItemProxy */;
		};
/* End PBXTargetDependency section */

/* Begin PBXVariantGroup section */
		DE2ED37C27CC71A500782836 /* LaunchScreen.storyboard */ = {
			isa = PBXVariantGroup;
			children = (
				DE2ED37D27CC71A500782836 /* Base */,
			);
			name = LaunchScreen.storyboard;
			sourceTree = "<group>";
		};
/* End PBXVariantGroup section */

/* Begin XCBuildConfiguration section */
		DE1921CB27CE0CA30007673A /* Debug */ = {
			isa = XCBuildConfiguration;
			baseConfigurationReference = 82453C65AD897D6AC2C1C58B /* Pods-findCVSTests.debug.xcconfig */;
			buildSettings = {
				BUNDLE_LOADER = "$(TEST_HOST)";
				CLANG_ENABLE_MODULES = YES;
				CLANG_ENABLE_OBJC_ARC = YES;
				CODE_SIGN_STYLE = Automatic;
				CURRENT_PROJECT_VERSION = 1;
				DEVELOPMENT_TEAM = J74H985T9L;
				GENERATE_INFOPLIST_FILE = YES;
				LD_RUNPATH_SEARCH_PATHS = (
					"$(inherited)",
					"@executable_path/Frameworks",
					"@loader_path/Frameworks",
				);
				MARKETING_VERSION = 1.0;
				PRODUCT_BUNDLE_IDENTIFIER = com.terry.findCVSTests;
				PRODUCT_NAME = "$(TARGET_NAME)";
				SWIFT_EMIT_LOC_STRINGS = NO;
				SWIFT_OPTIMIZATION_LEVEL = "-Onone";
				SWIFT_VERSION = 5.0;
				TARGETED_DEVICE_FAMILY = "1,2";
				TEST_HOST = "$(BUILT_PRODUCTS_DIR)/findCVS.app/findCVS";
			};
			name = Debug;
		};
		DE1921CC27CE0CA30007673A /* Release */ = {
			isa = XCBuildConfiguration;
			baseConfigurationReference = 68F809DE03AF5C4E79883AEB /* Pods-findCVSTests.release.xcconfig */;
			buildSettings = {
				BUNDLE_LOADER = "$(TEST_HOST)";
				CLANG_ENABLE_MODULES = YES;
				CLANG_ENABLE_OBJC_ARC = YES;
				CODE_SIGN_STYLE = Automatic;
				CURRENT_PROJECT_VERSION = 1;
				DEVELOPMENT_TEAM = J74H985T9L;
				GENERATE_INFOPLIST_FILE = YES;
				LD_RUNPATH_SEARCH_PATHS = (
					"$(inherited)",
					"@executable_path/Frameworks",
					"@loader_path/Frameworks",
				);
				MARKETING_VERSION = 1.0;
				PRODUCT_BUNDLE_IDENTIFIER = com.terry.findCVSTests;
				PRODUCT_NAME = "$(TARGET_NAME)";
				SWIFT_EMIT_LOC_STRINGS = NO;
				SWIFT_VERSION = 5.0;
				TARGETED_DEVICE_FAMILY = "1,2";
				TEST_HOST = "$(BUILT_PRODUCTS_DIR)/findCVS.app/findCVS";
			};
			name = Release;
		};
		DE2ED38027CC71A500782836 /* Debug */ = {
			isa = XCBuildConfiguration;
			buildSettings = {
				ALWAYS_SEARCH_USER_PATHS = NO;
				CLANG_ANALYZER_NONNULL = YES;
				CLANG_ANALYZER_NUMBER_OBJECT_CONVERSION = YES_AGGRESSIVE;
				CLANG_CXX_LANGUAGE_STANDARD = "gnu++17";
				CLANG_CXX_LIBRARY = "libc++";
				CLANG_ENABLE_MODULES = YES;
				CLANG_ENABLE_OBJC_ARC = NO;
				CLANG_ENABLE_OBJC_WEAK = YES;
				CLANG_WARN_BLOCK_CAPTURE_AUTORELEASING = YES;
				CLANG_WARN_BOOL_CONVERSION = YES;
				CLANG_WARN_COMMA = YES;
				CLANG_WARN_CONSTANT_CONVERSION = YES;
				CLANG_WARN_DEPRECATED_OBJC_IMPLEMENTATIONS = YES;
				CLANG_WARN_DIRECT_OBJC_ISA_USAGE = YES_ERROR;
				CLANG_WARN_DOCUMENTATION_COMMENTS = YES;
				CLANG_WARN_EMPTY_BODY = YES;
				CLANG_WARN_ENUM_CONVERSION = YES;
				CLANG_WARN_INFINITE_RECURSION = YES;
				CLANG_WARN_INT_CONVERSION = YES;
				CLANG_WARN_NON_LITERAL_NULL_CONVERSION = YES;
				CLANG_WARN_OBJC_IMPLICIT_RETAIN_SELF = YES;
				CLANG_WARN_OBJC_LITERAL_CONVERSION = YES;
				CLANG_WARN_OBJC_ROOT_CLASS = YES_ERROR;
				CLANG_WARN_QUOTED_INCLUDE_IN_FRAMEWORK_HEADER = YES;
				CLANG_WARN_RANGE_LOOP_ANALYSIS = YES;
				CLANG_WARN_STRICT_PROTOTYPES = YES;
				CLANG_WARN_SUSPICIOUS_MOVE = YES;
				CLANG_WARN_UNGUARDED_AVAILABILITY = YES_AGGRESSIVE;
				CLANG_WARN_UNREACHABLE_CODE = YES;
				CLANG_WARN__DUPLICATE_METHOD_MATCH = YES;
				COPY_PHASE_STRIP = NO;
				DEBUG_INFORMATION_FORMAT = dwarf;
				ENABLE_STRICT_OBJC_MSGSEND = YES;
				ENABLE_TESTABILITY = YES;
				GCC_C_LANGUAGE_STANDARD = gnu11;
				GCC_DYNAMIC_NO_PIC = NO;
				GCC_NO_COMMON_BLOCKS = YES;
				GCC_OPTIMIZATION_LEVEL = 0;
				GCC_PREPROCESSOR_DEFINITIONS = (
					"DEBUG=1",
					"$(inherited)",
				);
				GCC_WARN_64_TO_32_BIT_CONVERSION = YES;
				GCC_WARN_ABOUT_RETURN_TYPE = YES_ERROR;
				GCC_WARN_UNDECLARED_SELECTOR = YES;
				GCC_WARN_UNINITIALIZED_AUTOS = YES_AGGRESSIVE;
				GCC_WARN_UNUSED_FUNCTION = YES;
				GCC_WARN_UNUSED_VARIABLE = YES;
				IPHONEOS_DEPLOYMENT_TARGET = 15.2;
				MTL_ENABLE_DEBUG_INFO = INCLUDE_SOURCE;
				MTL_FAST_MATH = YES;
				ONLY_ACTIVE_ARCH = YES;
				SDKROOT = iphoneos;
				SWIFT_ACTIVE_COMPILATION_CONDITIONS = DEBUG;
				SWIFT_OPTIMIZATION_LEVEL = "-Onone";
			};
			name = Debug;
		};
		DE2ED38127CC71A500782836 /* Release */ = {
			isa = XCBuildConfiguration;
			buildSettings = {
				ALWAYS_SEARCH_USER_PATHS = NO;
				CLANG_ANALYZER_NONNULL = YES;
				CLANG_ANALYZER_NUMBER_OBJECT_CONVERSION = YES_AGGRESSIVE;
				CLANG_CXX_LANGUAGE_STANDARD = "gnu++17";
				CLANG_CXX_LIBRARY = "libc++";
				CLANG_ENABLE_MODULES = YES;
				CLANG_ENABLE_OBJC_ARC = NO;
				CLANG_ENABLE_OBJC_WEAK = YES;
				CLANG_WARN_BLOCK_CAPTURE_AUTORELEASING = YES;
				CLANG_WARN_BOOL_CONVERSION = YES;
				CLANG_WARN_COMMA = YES;
				CLANG_WARN_CONSTANT_CONVERSION = YES;
				CLANG_WARN_DEPRECATED_OBJC_IMPLEMENTATIONS = YES;
				CLANG_WARN_DIRECT_OBJC_ISA_USAGE = YES_ERROR;
				CLANG_WARN_DOCUMENTATION_COMMENTS = YES;
				CLANG_WARN_EMPTY_BODY = YES;
				CLANG_WARN_ENUM_CONVERSION = YES;
				CLANG_WARN_INFINITE_RECURSION = YES;
				CLANG_WARN_INT_CONVERSION = YES;
				CLANG_WARN_NON_LITERAL_NULL_CONVERSION = YES;
				CLANG_WARN_OBJC_IMPLICIT_RETAIN_SELF = YES;
				CLANG_WARN_OBJC_LITERAL_CONVERSION = YES;
				CLANG_WARN_OBJC_ROOT_CLASS = YES_ERROR;
				CLANG_WARN_QUOTED_INCLUDE_IN_FRAMEWORK_HEADER = YES;
				CLANG_WARN_RANGE_LOOP_ANALYSIS = YES;
				CLANG_WARN_STRICT_PROTOTYPES = YES;
				CLANG_WARN_SUSPICIOUS_MOVE = YES;
				CLANG_WARN_UNGUARDED_AVAILABILITY = YES_AGGRESSIVE;
				CLANG_WARN_UNREACHABLE_CODE = YES;
				CLANG_WARN__DUPLICATE_METHOD_MATCH = YES;
				COPY_PHASE_STRIP = NO;
				DEBUG_INFORMATION_FORMAT = "dwarf-with-dsym";
				ENABLE_NS_ASSERTIONS = NO;
				ENABLE_STRICT_OBJC_MSGSEND = YES;
				GCC_C_LANGUAGE_STANDARD = gnu11;
				GCC_NO_COMMON_BLOCKS = YES;
				GCC_WARN_64_TO_32_BIT_CONVERSION = YES;
				GCC_WARN_ABOUT_RETURN_TYPE = YES_ERROR;
				GCC_WARN_UNDECLARED_SELECTOR = YES;
				GCC_WARN_UNINITIALIZED_AUTOS = YES_AGGRESSIVE;
				GCC_WARN_UNUSED_FUNCTION = YES;
				GCC_WARN_UNUSED_VARIABLE = YES;
				IPHONEOS_DEPLOYMENT_TARGET = 15.2;
				MTL_ENABLE_DEBUG_INFO = NO;
				MTL_FAST_MATH = YES;
				SDKROOT = iphoneos;
				SWIFT_COMPILATION_MODE = wholemodule;
				SWIFT_OPTIMIZATION_LEVEL = "-O";
				VALIDATE_PRODUCT = YES;
			};
			name = Release;
		};
		DE2ED38327CC71A500782836 /* Debug */ = {
			isa = XCBuildConfiguration;
			baseConfigurationReference = F7407D9F317E43ED9D431EAC /* Pods-findCVS.debug.xcconfig */;
			buildSettings = {
				ASSETCATALOG_COMPILER_APPICON_NAME = AppIcon;
				ASSETCATALOG_COMPILER_GLOBAL_ACCENT_COLOR_NAME = AccentColor;
				CODE_SIGN_STYLE = Automatic;
				CURRENT_PROJECT_VERSION = 1;
				DEVELOPMENT_TEAM = J74H985T9L;
				FRAMEWORK_SEARCH_PATHS = (
					"$(inherited)",
					"$(PROJECT_DIR)/DaumMap.embeddedframework",
				);
				GENERATE_INFOPLIST_FILE = YES;
				INFOPLIST_FILE = findCVS/Info.plist;
				INFOPLIST_KEY_UIApplicationSupportsIndirectInputEvents = YES;
				INFOPLIST_KEY_UILaunchStoryboardName = LaunchScreen;
				INFOPLIST_KEY_UISupportedInterfaceOrientations_iPad = "UIInterfaceOrientationPortrait UIInterfaceOrientationPortraitUpsideDown UIInterfaceOrientationLandscapeLeft UIInterfaceOrientationLandscapeRight";
				INFOPLIST_KEY_UISupportedInterfaceOrientations_iPhone = "UIInterfaceOrientationPortrait UIInterfaceOrientationLandscapeLeft UIInterfaceOrientationLandscapeRight";
				LD_RUNPATH_SEARCH_PATHS = (
					"$(inherited)",
					"@executable_path/Frameworks",
				);
				MARKETING_VERSION = 1.0;
				PRODUCT_BUNDLE_IDENTIFIER = com.terry.findCVS;
				PRODUCT_NAME = "$(TARGET_NAME)";
				SWIFT_EMIT_LOC_STRINGS = YES;
				SWIFT_OBJC_BRIDGING_HEADER = /Users/terry/Desktop/dev/fastCampus/findCVS/findCVS/BridgingHeader.h;
				SWIFT_VERSION = 5.0;
				TARGETED_DEVICE_FAMILY = "1,2";
			};
			name = Debug;
		};
		DE2ED38427CC71A500782836 /* Release */ = {
			isa = XCBuildConfiguration;
			baseConfigurationReference = 34673A3D4DF69FB13C179657 /* Pods-findCVS.release.xcconfig */;
			buildSettings = {
				ASSETCATALOG_COMPILER_APPICON_NAME = AppIcon;
				ASSETCATALOG_COMPILER_GLOBAL_ACCENT_COLOR_NAME = AccentColor;
				CODE_SIGN_STYLE = Automatic;
				CURRENT_PROJECT_VERSION = 1;
				DEVELOPMENT_TEAM = J74H985T9L;
				FRAMEWORK_SEARCH_PATHS = (
					"$(inherited)",
					"$(PROJECT_DIR)/DaumMap.embeddedframework",
				);
				GENERATE_INFOPLIST_FILE = YES;
				INFOPLIST_FILE = findCVS/Info.plist;
				INFOPLIST_KEY_UIApplicationSupportsIndirectInputEvents = YES;
				INFOPLIST_KEY_UILaunchStoryboardName = LaunchScreen;
				INFOPLIST_KEY_UISupportedInterfaceOrientations_iPad = "UIInterfaceOrientationPortrait UIInterfaceOrientationPortraitUpsideDown UIInterfaceOrientationLandscapeLeft UIInterfaceOrientationLandscapeRight";
				INFOPLIST_KEY_UISupportedInterfaceOrientations_iPhone = "UIInterfaceOrientationPortrait UIInterfaceOrientationLandscapeLeft UIInterfaceOrientationLandscapeRight";
				LD_RUNPATH_SEARCH_PATHS = (
					"$(inherited)",
					"@executable_path/Frameworks",
				);
				MARKETING_VERSION = 1.0;
				PRODUCT_BUNDLE_IDENTIFIER = com.terry.findCVS;
				PRODUCT_NAME = "$(TARGET_NAME)";
				SWIFT_EMIT_LOC_STRINGS = YES;
				SWIFT_OBJC_BRIDGING_HEADER = /Users/terry/Desktop/dev/fastCampus/findCVS/findCVS/BridgingHeader.h;
				SWIFT_VERSION = 5.0;
				TARGETED_DEVICE_FAMILY = "1,2";
			};
			name = Release;
		};
/* End XCBuildConfiguration section */

/* Begin XCConfigurationList section */
		DE1921CD27CE0CA30007673A /* Build configuration list for PBXNativeTarget "findCVSTests" */ = {
			isa = XCConfigurationList;
			buildConfigurations = (
				DE1921CB27CE0CA30007673A /* Debug */,
				DE1921CC27CE0CA30007673A /* Release */,
			);
			defaultConfigurationIsVisible = 0;
			defaultConfigurationName = Release;
		};
		DE2ED36927CC71A400782836 /* Build configuration list for PBXProject "findCVS" */ = {
			isa = XCConfigurationList;
			buildConfigurations = (
				DE2ED38027CC71A500782836 /* Debug */,
				DE2ED38127CC71A500782836 /* Release */,
			);
			defaultConfigurationIsVisible = 0;
			defaultConfigurationName = Release;
		};
		DE2ED38227CC71A500782836 /* Build configuration list for PBXNativeTarget "findCVS" */ = {
			isa = XCConfigurationList;
			buildConfigurations = (
				DE2ED38327CC71A500782836 /* Debug */,
				DE2ED38427CC71A500782836 /* Release */,
			);
			defaultConfigurationIsVisible = 0;
			defaultConfigurationName = Release;
		};
/* End XCConfigurationList section */
	};
	rootObject = DE2ED36627CC71A400782836 /* Project object */;
}
